// !$*UTF8*$!
{
	archiveVersion = 1;
	classes = {
	};
	objectVersion = 56;
	objects = {

/* Begin PBXBuildFile section */
		9C80F407291B2A9900129AE8 /* Network.framework in Frameworks */ = {isa = PBXBuildFile; fileRef = 9C80F406291B2A9900129AE8 /* Network.framework */; };
		9C80F409291B2AA500129AE8 /* WebKit.framework in Frameworks */ = {isa = PBXBuildFile; fileRef = 9C80F408291B2AA500129AE8 /* WebKit.framework */; };
		9CD0C01329199FEE0005DD33 /* AppDelegate.swift in Sources */ = {isa = PBXBuildFile; fileRef = 9CD0C01229199FEE0005DD33 /* AppDelegate.swift */; };
		9CD0C01529199FEE0005DD33 /* SceneDelegate.swift in Sources */ = {isa = PBXBuildFile; fileRef = 9CD0C01429199FEE0005DD33 /* SceneDelegate.swift */; };
		9CD0C01729199FEE0005DD33 /* ViewController.swift in Sources */ = {isa = PBXBuildFile; fileRef = 9CD0C01629199FEE0005DD33 /* ViewController.swift */; };
		9CD0C01A29199FEE0005DD33 /* Main.storyboard in Resources */ = {isa = PBXBuildFile; fileRef = 9CD0C01829199FEE0005DD33 /* Main.storyboard */; };
		9CD0C01C29199FF00005DD33 /* Assets.xcassets in Resources */ = {isa = PBXBuildFile; fileRef = 9CD0C01B29199FF00005DD33 /* Assets.xcassets */; };
		9CD0C01F29199FF00005DD33 /* LaunchScreen.storyboard in Resources */ = {isa = PBXBuildFile; fileRef = 9CD0C01D29199FF00005DD33 /* LaunchScreen.storyboard */; };
		9CD0C0272919A26A0005DD33 /* Personaje.swift in Sources */ = {isa = PBXBuildFile; fileRef = 9CD0C0262919A26A0005DD33 /* Personaje.swift */; };
		9CD0C0292919A4830005DD33 /* PersonajeDataMAnager.swift in Sources */ = {isa = PBXBuildFile; fileRef = 9CD0C0282919A4830005DD33 /* PersonajeDataMAnager.swift */; };
		9CD0C02B2919B4CD0005DD33 /* DetailsViewViewController.swift in Sources */ = {isa = PBXBuildFile; fileRef = 9CD0C02A2919B4CD0005DD33 /* DetailsViewViewController.swift */; };
/* End PBXBuildFile section */

/* Begin PBXFileReference section */
		9C80F406291B2A9900129AE8 /* Network.framework */ = {isa = PBXFileReference; lastKnownFileType = wrapper.framework; name = Network.framework; path = System/Library/Frameworks/Network.framework; sourceTree = SDKROOT; };
		9C80F408291B2AA500129AE8 /* WebKit.framework */ = {isa = PBXFileReference; lastKnownFileType = wrapper.framework; name = WebKit.framework; path = System/Library/Frameworks/WebKit.framework; sourceTree = SDKROOT; };
		9CD0C00F29199FEE0005DD33 /* Ejercicio1.app */ = {isa = PBXFileReference; explicitFileType = wrapper.application; includeInIndex = 0; path = Ejercicio1.app; sourceTree = BUILT_PRODUCTS_DIR; };
		9CD0C01229199FEE0005DD33 /* AppDelegate.swift */ = {isa = PBXFileReference; lastKnownFileType = sourcecode.swift; path = AppDelegate.swift; sourceTree = "<group>"; };
		9CD0C01429199FEE0005DD33 /* SceneDelegate.swift */ = {isa = PBXFileReference; lastKnownFileType = sourcecode.swift; path = SceneDelegate.swift; sourceTree = "<group>"; };
		9CD0C01629199FEE0005DD33 /* ViewController.swift */ = {isa = PBXFileReference; lastKnownFileType = sourcecode.swift; path = ViewController.swift; sourceTree = "<group>"; };
		9CD0C01929199FEE0005DD33 /* Base */ = {isa = PBXFileReference; lastKnownFileType = file.storyboard; name = Base; path = Base.lproj/Main.storyboard; sourceTree = "<group>"; };
		9CD0C01B29199FF00005DD33 /* Assets.xcassets */ = {isa = PBXFileReference; lastKnownFileType = folder.assetcatalog; path = Assets.xcassets; sourceTree = "<group>"; };
		9CD0C01E29199FF00005DD33 /* Base */ = {isa = PBXFileReference; lastKnownFileType = file.storyboard; name = Base; path = Base.lproj/LaunchScreen.storyboard; sourceTree = "<group>"; };
		9CD0C02029199FF00005DD33 /* Info.plist */ = {isa = PBXFileReference; lastKnownFileType = text.plist.xml; path = Info.plist; sourceTree = "<group>"; };
		9CD0C0262919A26A0005DD33 /* Personaje.swift */ = {isa = PBXFileReference; lastKnownFileType = sourcecode.swift; path = Personaje.swift; sourceTree = "<group>"; };
		9CD0C0282919A4830005DD33 /* PersonajeDataMAnager.swift */ = {isa = PBXFileReference; lastKnownFileType = sourcecode.swift; path = PersonajeDataMAnager.swift; sourceTree = "<group>"; };
		9CD0C02A2919B4CD0005DD33 /* DetailsViewViewController.swift */ = {isa = PBXFileReference; lastKnownFileType = sourcecode.swift; path = DetailsViewViewController.swift; sourceTree = "<group>"; };
/* End PBXFileReference section */

/* Begin PBXFrameworksBuildPhase section */
		9CD0C00C29199FEE0005DD33 /* Frameworks */ = {
			isa = PBXFrameworksBuildPhase;
			buildActionMask = 2147483647;
			files = (
				9C80F409291B2AA500129AE8 /* WebKit.framework in Frameworks */,
				9C80F407291B2A9900129AE8 /* Network.framework in Frameworks */,
			);
			runOnlyForDeploymentPostprocessing = 0;
		};
/* End PBXFrameworksBuildPhase section */

/* Begin PBXGroup section */
		9C80F405291B2A9800129AE8 /* Frameworks */ = {
			isa = PBXGroup;
			children = (
				9C80F408291B2AA500129AE8 /* WebKit.framework */,
				9C80F406291B2A9900129AE8 /* Network.framework */,
			);
			name = Frameworks;
			sourceTree = "<group>";
		};
		9CD0C00629199FEE0005DD33 = {
			isa = PBXGroup;
			children = (
				9CD0C01129199FEE0005DD33 /* Ejercicio1 */,
				9CD0C01029199FEE0005DD33 /* Products */,
				9C80F405291B2A9800129AE8 /* Frameworks */,
			);
			sourceTree = "<group>";
		};
		9CD0C01029199FEE0005DD33 /* Products */ = {
			isa = PBXGroup;
			children = (
				9CD0C00F29199FEE0005DD33 /* Ejercicio1.app */,
			);
			name = Products;
			sourceTree = "<group>";
		};
		9CD0C01129199FEE0005DD33 /* Ejercicio1 */ = {
			isa = PBXGroup;
			children = (
				9CD0C01229199FEE0005DD33 /* AppDelegate.swift */,
				9CD0C0262919A26A0005DD33 /* Personaje.swift */,
				9CD0C0282919A4830005DD33 /* PersonajeDataMAnager.swift */,
				9CD0C01429199FEE0005DD33 /* SceneDelegate.swift */,
				9CD0C01629199FEE0005DD33 /* ViewController.swift */,
				9CD0C02A2919B4CD0005DD33 /* DetailsViewViewController.swift */,
				9CD0C01829199FEE0005DD33 /* Main.storyboard */,
				9CD0C01B29199FF00005DD33 /* Assets.xcassets */,
				9CD0C01D29199FF00005DD33 /* LaunchScreen.storyboard */,
				9CD0C02029199FF00005DD33 /* Info.plist */,
			);
			path = Ejercicio1;
			sourceTree = "<group>";
		};
/* End PBXGroup section */

/* Begin PBXNativeTarget section */
		9CD0C00E29199FEE0005DD33 /* Ejercicio1 */ = {
			isa = PBXNativeTarget;
			buildConfigurationList = 9CD0C02329199FF00005DD33 /* Build configuration list for PBXNativeTarget "Ejercicio1" */;
			buildPhases = (
				9CD0C00B29199FEE0005DD33 /* Sources */,
				9CD0C00C29199FEE0005DD33 /* Frameworks */,
				9CD0C00D29199FEE0005DD33 /* Resources */,
			);
			buildRules = (
			);
			dependencies = (
			);
			name = Ejercicio1;
			productName = Ejercicio1;
			productReference = 9CD0C00F29199FEE0005DD33 /* Ejercicio1.app */;
			productType = "com.apple.product-type.application";
		};
/* End PBXNativeTarget section */

/* Begin PBXProject section */
		9CD0C00729199FEE0005DD33 /* Project object */ = {
			isa = PBXProject;
			attributes = {
				BuildIndependentTargetsInParallel = 1;
				LastSwiftUpdateCheck = 1400;
				LastUpgradeCheck = 1400;
				TargetAttributes = {
					9CD0C00E29199FEE0005DD33 = {
						CreatedOnToolsVersion = 14.0;
					};
				};
			};
			buildConfigurationList = 9CD0C00A29199FEE0005DD33 /* Build configuration list for PBXProject "Ejercicio1" */;
			compatibilityVersion = "Xcode 14.0";
			developmentRegion = en;
			hasScannedForEncodings = 0;
			knownRegions = (
				en,
				Base,
			);
			mainGroup = 9CD0C00629199FEE0005DD33;
			productRefGroup = 9CD0C01029199FEE0005DD33 /* Products */;
			projectDirPath = "";
			projectRoot = "";
			targets = (
				9CD0C00E29199FEE0005DD33 /* Ejercicio1 */,
			);
		};
/* End PBXProject section */

/* Begin PBXResourcesBuildPhase section */
		9CD0C00D29199FEE0005DD33 /* Resources */ = {
			isa = PBXResourcesBuildPhase;
			buildActionMask = 2147483647;
			files = (
				9CD0C01F29199FF00005DD33 /* LaunchScreen.storyboard in Resources */,
				9CD0C01C29199FF00005DD33 /* Assets.xcassets in Resources */,
				9CD0C01A29199FEE0005DD33 /* Main.storyboard in Resources */,
			);
			runOnlyForDeploymentPostprocessing = 0;
		};
/* End PBXResourcesBuildPhase section */

/* Begin PBXSourcesBuildPhase section */
		9CD0C00B29199FEE0005DD33 /* Sources */ = {
			isa = PBXSourcesBuildPhase;
			buildActionMask = 2147483647;
			files = (
				9CD0C0292919A4830005DD33 /* PersonajeDataMAnager.swift in Sources */,
				9CD0C01729199FEE0005DD33 /* ViewController.swift in Sources */,
				9CD0C0272919A26A0005DD33 /* Personaje.swift in Sources */,
				9CD0C01329199FEE0005DD33 /* AppDelegate.swift in Sources */,
				9CD0C02B2919B4CD0005DD33 /* DetailsViewViewController.swift in Sources */,
				9CD0C01529199FEE0005DD33 /* SceneDelegate.swift in Sources */,
			);
			runOnlyForDeploymentPostprocessing = 0;
		};
/* End PBXSourcesBuildPhase section */

/* Begin PBXVariantGroup section */
		9CD0C01829199FEE0005DD33 /* Main.storyboard */ = {
			isa = PBXVariantGroup;
			children = (
				9CD0C01929199FEE0005DD33 /* Base */,
			);
			name = Main.storyboard;
			sourceTree = "<group>";
		};
		9CD0C01D29199FF00005DD33 /* LaunchScreen.storyboard */ = {
			isa = PBXVariantGroup;
			children = (
				9CD0C01E29199FF00005DD33 /* Base */,
			);
			name = LaunchScreen.storyboard;
			sourceTree = "<group>";
		};
/* End PBXVariantGroup section */

/* Begin XCBuildConfiguration section */
		9CD0C02129199FF00005DD33 /* Debug */ = {
			isa = XCBuildConfiguration;
			buildSettings = {
				ALWAYS_SEARCH_USER_PATHS = NO;
				CLANG_ANALYZER_NONNULL = YES;
				CLANG_ANALYZER_NUMBER_OBJECT_CONVERSION = YES_AGGRESSIVE;
				CLANG_CXX_LANGUAGE_STANDARD = "gnu++20";
				CLANG_ENABLE_MODULES = YES;
				CLANG_ENABLE_OBJC_ARC = YES;
				CLANG_ENABLE_OBJC_WEAK = YES;
				CLANG_WARN_BLOCK_CAPTURE_AUTORELEASING = YES;
				CLANG_WARN_BOOL_CONVERSION = YES;
				CLANG_WARN_COMMA = YES;
				CLANG_WARN_CONSTANT_CONVERSION = YES;
				CLANG_WARN_DEPRECATED_OBJC_IMPLEMENTATIONS = YES;
				CLANG_WARN_DIRECT_OBJC_ISA_USAGE = YES_ERROR;
				CLANG_WARN_DOCUMENTATION_COMMENTS = YES;
				CLANG_WARN_EMPTY_BODY = YES;
				CLANG_WARN_ENUM_CONVERSION = YES;
				CLANG_WARN_INFINITE_RECURSION = YES;
				CLANG_WARN_INT_CONVERSION = YES;
				CLANG_WARN_NON_LITERAL_NULL_CONVERSION = YES;
				CLANG_WARN_OBJC_IMPLICIT_RETAIN_SELF = YES;
				CLANG_WARN_OBJC_LITERAL_CONVERSION = YES;
				CLANG_WARN_OBJC_ROOT_CLASS = YES_ERROR;
				CLANG_WARN_QUOTED_INCLUDE_IN_FRAMEWORK_HEADER = YES;
				CLANG_WARN_RANGE_LOOP_ANALYSIS = YES;
				CLANG_WARN_STRICT_PROTOTYPES = YES;
				CLANG_WARN_SUSPICIOUS_MOVE = YES;
				CLANG_WARN_UNGUARDED_AVAILABILITY = YES_AGGRESSIVE;
				CLANG_WARN_UNREACHABLE_CODE = YES;
				CLANG_WARN__DUPLICATE_METHOD_MATCH = YES;
				COPY_PHASE_STRIP = NO;
				DEBUG_INFORMATION_FORMAT = dwarf;
				ENABLE_STRICT_OBJC_MSGSEND = YES;
				ENABLE_TESTABILITY = YES;
				GCC_C_LANGUAGE_STANDARD = gnu11;
				GCC_DYNAMIC_NO_PIC = NO;
				GCC_NO_COMMON_BLOCKS = YES;
				GCC_OPTIMIZATION_LEVEL = 0;
				GCC_PREPROCESSOR_DEFINITIONS = (
					"DEBUG=1",
					"$(inherited)",
				);
				GCC_WARN_64_TO_32_BIT_CONVERSION = YES;
				GCC_WARN_ABOUT_RETURN_TYPE = YES_ERROR;
				GCC_WARN_UNDECLARED_SELECTOR = YES;
				GCC_WARN_UNINITIALIZED_AUTOS = YES_AGGRESSIVE;
				GCC_WARN_UNUSED_FUNCTION = YES;
				GCC_WARN_UNUSED_VARIABLE = YES;
				IPHONEOS_DEPLOYMENT_TARGET = 16.0;
				MTL_ENABLE_DEBUG_INFO = INCLUDE_SOURCE;
				MTL_FAST_MATH = YES;
				ONLY_ACTIVE_ARCH = YES;
				SDKROOT = iphoneos;
				SWIFT_ACTIVE_COMPILATION_CONDITIONS = DEBUG;
				SWIFT_OPTIMIZATION_LEVEL = "-Onone";
			};
			name = Debug;
		};
		9CD0C02229199FF00005DD33 /* Release */ = {
			isa = XCBuildConfiguration;
			buildSettings = {
				ALWAYS_SEARCH_USER_PATHS = NO;
				CLANG_ANALYZER_NONNULL = YES;
				CLANG_ANALYZER_NUMBER_OBJECT_CONVERSION = YES_AGGRESSIVE;
				CLANG_CXX_LANGUAGE_STANDARD = "gnu++20";
				CLANG_ENABLE_MODULES = YES;
				CLANG_ENABLE_OBJC_ARC = YES;
				CLANG_ENABLE_OBJC_WEAK = YES;
				CLANG_WARN_BLOCK_CAPTURE_AUTORELEASING = YES;
				CLANG_WARN_BOOL_CONVERSION = YES;
				CLANG_WARN_COMMA = YES;
				CLANG_WARN_CONSTANT_CONVERSION = YES;
				CLANG_WARN_DEPRECATED_OBJC_IMPLEMENTATIONS = YES;
				CLANG_WARN_DIRECT_OBJC_ISA_USAGE = YES_ERROR;
				CLANG_WARN_DOCUMENTATION_COMMENTS = YES;
				CLANG_WARN_EMPTY_BODY = YES;
				CLANG_WARN_ENUM_CONVERSION = YES;
				CLANG_WARN_INFINITE_RECURSION = YES;
				CLANG_WARN_INT_CONVERSION = YES;
				CLANG_WARN_NON_LITERAL_NULL_CONVERSION = YES;
				CLANG_WARN_OBJC_IMPLICIT_RETAIN_SELF = YES;
				CLANG_WARN_OBJC_LITERAL_CONVERSION = YES;
				CLANG_WARN_OBJC_ROOT_CLASS = YES_ERROR;
				CLANG_WARN_QUOTED_INCLUDE_IN_FRAMEWORK_HEADER = YES;
				CLANG_WARN_RANGE_LOOP_ANALYSIS = YES;
				CLANG_WARN_STRICT_PROTOTYPES = YES;
				CLANG_WARN_SUSPICIOUS_MOVE = YES;
				CLANG_WARN_UNGUARDED_AVAILABILITY = YES_AGGRESSIVE;
				CLANG_WARN_UNREACHABLE_CODE = YES;
				CLANG_WARN__DUPLICATE_METHOD_MATCH = YES;
				COPY_PHASE_STRIP = NO;
				DEBUG_INFORMATION_FORMAT = "dwarf-with-dsym";
				ENABLE_NS_ASSERTIONS = NO;
				ENABLE_STRICT_OBJC_MSGSEND = YES;
				GCC_C_LANGUAGE_STANDARD = gnu11;
				GCC_NO_COMMON_BLOCKS = YES;
				GCC_WARN_64_TO_32_BIT_CONVERSION = YES;
				GCC_WARN_ABOUT_RETURN_TYPE = YES_ERROR;
				GCC_WARN_UNDECLARED_SELECTOR = YES;
				GCC_WARN_UNINITIALIZED_AUTOS = YES_AGGRESSIVE;
				GCC_WARN_UNUSED_FUNCTION = YES;
				GCC_WARN_UNUSED_VARIABLE = YES;
				IPHONEOS_DEPLOYMENT_TARGET = 16.0;
				MTL_ENABLE_DEBUG_INFO = NO;
				MTL_FAST_MATH = YES;
				SDKROOT = iphoneos;
				SWIFT_COMPILATION_MODE = wholemodule;
				SWIFT_OPTIMIZATION_LEVEL = "-O";
				VALIDATE_PRODUCT = YES;
			};
			name = Release;
		};
		9CD0C02429199FF00005DD33 /* Debug */ = {
			isa = XCBuildConfiguration;
			buildSettings = {
				ASSETCATALOG_COMPILER_APPICON_NAME = AppIcon;
				ASSETCATALOG_COMPILER_GLOBAL_ACCENT_COLOR_NAME = AccentColor;
				CODE_SIGN_STYLE = Automatic;
				CURRENT_PROJECT_VERSION = 1;
				DEVELOPMENT_TEAM = TZXFA4MY8W;
				GENERATE_INFOPLIST_FILE = YES;
				INFOPLIST_FILE = Ejercicio1/Info.plist;
				INFOPLIST_KEY_UIApplicationSupportsIndirectInputEvents = YES;
				INFOPLIST_KEY_UILaunchStoryboardName = LaunchScreen;
				INFOPLIST_KEY_UIMainStoryboardFile = Main;
				INFOPLIST_KEY_UISupportedInterfaceOrientations_iPad = "UIInterfaceOrientationPortrait UIInterfaceOrientationPortraitUpsideDown UIInterfaceOrientationLandscapeLeft UIInterfaceOrientationLandscapeRight";
				INFOPLIST_KEY_UISupportedInterfaceOrientations_iPhone = "UIInterfaceOrientationPortrait UIInterfaceOrientationLandscapeLeft UIInterfaceOrientationLandscapeRight";
				IPHONEOS_DEPLOYMENT_TARGET = 15.0;
				LD_RUNPATH_SEARCH_PATHS = (
					"$(inherited)",
					"@executable_path/Frameworks",
				);
				MARKETING_VERSION = 1.0;
				PRODUCT_BUNDLE_IDENTIFIER = com.luis.Ejercicio1;
				PRODUCT_NAME = "$(TARGET_NAME)";
				SWIFT_EMIT_LOC_STRINGS = YES;
				SWIFT_VERSION = 5.0;
				TARGETED_DEVICE_FAMILY = "1,2";
			};
			name = Debug;
		};
		9CD0C02529199FF00005DD33 /* Release */ = {
			isa = XCBuildConfiguration;
			buildSettings = {
				ASSETCATALOG_COMPILER_APPICON_NAME = AppIcon;
				ASSETCATALOG_COMPILER_GLOBAL_ACCENT_COLOR_NAME = AccentColor;
				CODE_SIGN_STYLE = Automatic;
				CURRENT_PROJECT_VERSION = 1;
				DEVELOPMENT_TEAM = TZXFA4MY8W;
				GENERATE_INFOPLIST_FILE = YES;
				INFOPLIST_FILE = Ejercicio1/Info.plist;
				INFOPLIST_KEY_UIApplicationSupportsIndirectInputEvents = YES;
				INFOPLIST_KEY_UILaunchStoryboardName = LaunchScreen;
				INFOPLIST_KEY_UIMainStoryboardFile = Main;
				INFOPLIST_KEY_UISupportedInterfaceOrientations_iPad = "UIInterfaceOrientationPortrait UIInterfaceOrientationPortraitUpsideDown UIInterfaceOrientationLandscapeLeft UIInterfaceOrientationLandscapeRight";
				INFOPLIST_KEY_UISupportedInterfaceOrientations_iPhone = "UIInterfaceOrientationPortrait UIInterfaceOrientationLandscapeLeft UIInterfaceOrientationLandscapeRight";
				IPHONEOS_DEPLOYMENT_TARGET = 15.0;
				LD_RUNPATH_SEARCH_PATHS = (
					"$(inherited)",
					"@executable_path/Frameworks",
				);
				MARKETING_VERSION = 1.0;
				PRODUCT_BUNDLE_IDENTIFIER = com.luis.Ejercicio1;
				PRODUCT_NAME = "$(TARGET_NAME)";
				SWIFT_EMIT_LOC_STRINGS = YES;
				SWIFT_VERSION = 5.0;
				TARGETED_DEVICE_FAMILY = "1,2";
			};
			name = Release;
		};
/* End XCBuildConfiguration section */

/* Begin XCConfigurationList section */
		9CD0C00A29199FEE0005DD33 /* Build configuration list for PBXProject "Ejercicio1" */ = {
			isa = XCConfigurationList;
			buildConfigurations = (
				9CD0C02129199FF00005DD33 /* Debug */,
				9CD0C02229199FF00005DD33 /* Release */,
			);
			defaultConfigurationIsVisible = 0;
			defaultConfigurationName = Release;
		};
		9CD0C02329199FF00005DD33 /* Build configuration list for PBXNativeTarget "Ejercicio1" */ = {
			isa = XCConfigurationList;
			buildConfigurations = (
				9CD0C02429199FF00005DD33 /* Debug */,
				9CD0C02529199FF00005DD33 /* Release */,
			);
			defaultConfigurationIsVisible = 0;
			defaultConfigurationName = Release;
		};
/* End XCConfigurationList section */
	};
	rootObject = 9CD0C00729199FEE0005DD33 /* Project object */;
}
